// !$*UTF8*$!
{
	archiveVersion = 1;
	classes = {
	};
	objectVersion = 55;
	objects = {

/* Begin PBXBuildFile section */
		0C0835C9290022E700E75291 /* InteractorToRouterInterface.swift in Sources */ = {isa = PBXBuildFile; fileRef = 0C0835C8290022E700E75291 /* InteractorToRouterInterface.swift */; };
		0C0835D329006E3300E75291 /* ChildHideable.swift in Sources */ = {isa = PBXBuildFile; fileRef = 0C0835D229006E3300E75291 /* ChildHideable.swift */; };
		0C0835D5290070F900E75291 /* ChildCompletable.swift in Sources */ = {isa = PBXBuildFile; fileRef = 0C0835D4290070F900E75291 /* ChildCompletable.swift */; };
		0C0835D7290072B600E75291 /* ParentDisplayable.swift in Sources */ = {isa = PBXBuildFile; fileRef = 0C0835D6290072B600E75291 /* ParentDisplayable.swift */; };
		0C0835D92900746E00E75291 /* Eventable.swift in Sources */ = {isa = PBXBuildFile; fileRef = 0C0835D82900746E00E75291 /* Eventable.swift */; };
		0C0835DB290097B900E75291 /* ChildContactable.swift in Sources */ = {isa = PBXBuildFile; fileRef = 0C0835DA290097B900E75291 /* ChildContactable.swift */; };
		0C0835DD2900984900E75291 /* ParentContactable.swift in Sources */ = {isa = PBXBuildFile; fileRef = 0C0835DC2900984900E75291 /* ParentContactable.swift */; };
		0C0835E3290224C500E75291 /* DefaultModule.swift in Sources */ = {isa = PBXBuildFile; fileRef = 0C0835E2290224C500E75291 /* DefaultModule.swift */; };
		0C29B5B12902BCB700CD3D33 /* ParentModule.swift in Sources */ = {isa = PBXBuildFile; fileRef = 0C29B5B02902BCB700CD3D33 /* ParentModule.swift */; };
		0C2F8DEB2904819C0066EB7E /* DefaultRouter.swift in Sources */ = {isa = PBXBuildFile; fileRef = 0C2F8DEA2904819C0066EB7E /* DefaultRouter.swift */; };
		0C2F8DED2904827A0066EB7E /* NavigationSharable.swift in Sources */ = {isa = PBXBuildFile; fileRef = 0C2F8DEC2904827A0066EB7E /* NavigationSharable.swift */; };
		0C2F8DF1290488810066EB7E /* ModuleCompletable.swift in Sources */ = {isa = PBXBuildFile; fileRef = 0C2F8DF0290488810066EB7E /* ModuleCompletable.swift */; };
		0C2F8DF329048C770066EB7E /* ChildRemovable.swift in Sources */ = {isa = PBXBuildFile; fileRef = 0C2F8DF229048C770066EB7E /* ChildRemovable.swift */; };
		0C2F8DF529048CB70066EB7E /* ParentRouter.swift in Sources */ = {isa = PBXBuildFile; fileRef = 0C2F8DF429048CB70066EB7E /* ParentRouter.swift */; };
		0C2F8DF729049C520066EB7E /* ChildSubstitutable.swift in Sources */ = {isa = PBXBuildFile; fileRef = 0C2F8DF629049C520066EB7E /* ChildSubstitutable.swift */; };
		0C2F8DF92904D5540066EB7E /* ChildTransitable.swift in Sources */ = {isa = PBXBuildFile; fileRef = 0C2F8DF82904D5540066EB7E /* ChildTransitable.swift */; };
		0C2F8DFF2905A2960066EB7E /* ChildDismissingCompletionKeepable.swift in Sources */ = {isa = PBXBuildFile; fileRef = 0C2F8DFE2905A2960066EB7E /* ChildDismissingCompletionKeepable.swift */; };
		0C494F2028EDB08900A0E325 /* Brive.h in Headers */ = {isa = PBXBuildFile; fileRef = 0C494F1F28EDB08900A0E325 /* Brive.h */; settings = {ATTRIBUTES = (Public, ); }; };
		0C494F3C28EDB0F600A0E325 /* Viewable.swift in Sources */ = {isa = PBXBuildFile; fileRef = 0C494F2928EDB0F600A0E325 /* Viewable.swift */; };
		0C494F4928EDB0F600A0E325 /* AppBuildable.swift in Sources */ = {isa = PBXBuildFile; fileRef = 0C494F3A28EDB0F600A0E325 /* AppBuildable.swift */; };
		0C494F7328EEF76200A0E325 /* ModKit.framework in Frameworks */ = {isa = PBXBuildFile; fileRef = 0C494F7128EEF75800A0E325 /* ModKit.framework */; };
		0C55D32428F0756F0039D4B5 /* InteractorToViewInterface.swift in Sources */ = {isa = PBXBuildFile; fileRef = 0C55D32328F0756F0039D4B5 /* InteractorToViewInterface.swift */; };
		0C55D32628F0768D0039D4B5 /* ViewToInteractorInterface.swift in Sources */ = {isa = PBXBuildFile; fileRef = 0C55D32528F0768D0039D4B5 /* ViewToInteractorInterface.swift */; };
		0C6B45D228FAF9F700A70169 /* View.swift in Sources */ = {isa = PBXBuildFile; fileRef = 0C6B45D128FAF9F700A70169 /* View.swift */; };
		0C6B45E428FE15D100A70169 /* CompositeView.swift in Sources */ = {isa = PBXBuildFile; fileRef = 0C6B45E328FE15D100A70169 /* CompositeView.swift */; };
		0C6B45E928FEDE9D00A70169 /* DefaultInteractor.swift in Sources */ = {isa = PBXBuildFile; fileRef = 0C6B45E828FEDE9D00A70169 /* DefaultInteractor.swift */; };
		0C6B45EC28FEDF0D00A70169 /* ParentInteractor.swift in Sources */ = {isa = PBXBuildFile; fileRef = 0C6B45EB28FEDF0D00A70169 /* ParentInteractor.swift */; };
		0CA126C5291951F800CF0946 /* AppModule.swift in Sources */ = {isa = PBXBuildFile; fileRef = 0CA126C4291951F800CF0946 /* AppModule.swift */; };
		0CC957DC290363160023E0B3 /* Interactable.swift in Sources */ = {isa = PBXBuildFile; fileRef = 0CC957DB290363160023E0B3 /* Interactable.swift */; };
		0CC957DE29036C8B0023E0B3 /* ModuleBelongable.swift in Sources */ = {isa = PBXBuildFile; fileRef = 0CC957DD29036C8B0023E0B3 /* ModuleBelongable.swift */; };
		0CC957E0290376590023E0B3 /* NonViewing.swift in Sources */ = {isa = PBXBuildFile; fileRef = 0CC957DF290376590023E0B3 /* NonViewing.swift */; };
		0CC957E2290388E90023E0B3 /* ChildStatable.swift in Sources */ = {isa = PBXBuildFile; fileRef = 0CC957E1290388E90023E0B3 /* ChildStatable.swift */; };
		0CC957E4290433E50023E0B3 /* ChildBuildable.swift in Sources */ = {isa = PBXBuildFile; fileRef = 0CC957E3290433E50023E0B3 /* ChildBuildable.swift */; };
		0CC957E6290447850023E0B3 /* ChildUpperViewable.swift in Sources */ = {isa = PBXBuildFile; fileRef = 0CC957E5290447850023E0B3 /* ChildUpperViewable.swift */; };
		0CC957E829044BB40023E0B3 /* Invokable.swift in Sources */ = {isa = PBXBuildFile; fileRef = 0CC957E729044BB40023E0B3 /* Invokable.swift */; };
		0CC957EA29044CF20023E0B3 /* Revokable.swift in Sources */ = {isa = PBXBuildFile; fileRef = 0CC957E929044CF20023E0B3 /* Revokable.swift */; };
/* End PBXBuildFile section */

/* Begin PBXContainerItemProxy section */
		0C494F7028EEF75800A0E325 /* PBXContainerItemProxy */ = {
			isa = PBXContainerItemProxy;
			containerPortal = 0C494F6C28EEF75800A0E325 /* ModKit.xcodeproj */;
			proxyType = 2;
			remoteGlobalIDString = 0CBA44FC28D4FE92006F6DAF;
			remoteInfo = ModKit;
		};
/* End PBXContainerItemProxy section */

/* Begin PBXFileReference section */
		0C0835C8290022E700E75291 /* InteractorToRouterInterface.swift */ = {isa = PBXFileReference; lastKnownFileType = sourcecode.swift; path = InteractorToRouterInterface.swift; sourceTree = "<group>"; };
		0C0835D229006E3300E75291 /* ChildHideable.swift */ = {isa = PBXFileReference; lastKnownFileType = sourcecode.swift; path = ChildHideable.swift; sourceTree = "<group>"; };
		0C0835D4290070F900E75291 /* ChildCompletable.swift */ = {isa = PBXFileReference; lastKnownFileType = sourcecode.swift; path = ChildCompletable.swift; sourceTree = "<group>"; };
		0C0835D6290072B600E75291 /* ParentDisplayable.swift */ = {isa = PBXFileReference; lastKnownFileType = sourcecode.swift; path = ParentDisplayable.swift; sourceTree = "<group>"; };
		0C0835D82900746E00E75291 /* Eventable.swift */ = {isa = PBXFileReference; lastKnownFileType = sourcecode.swift; path = Eventable.swift; sourceTree = "<group>"; };
		0C0835DA290097B900E75291 /* ChildContactable.swift */ = {isa = PBXFileReference; lastKnownFileType = sourcecode.swift; path = ChildContactable.swift; sourceTree = "<group>"; };
		0C0835DC2900984900E75291 /* ParentContactable.swift */ = {isa = PBXFileReference; lastKnownFileType = sourcecode.swift; path = ParentContactable.swift; sourceTree = "<group>"; };
		0C0835E2290224C500E75291 /* DefaultModule.swift */ = {isa = PBXFileReference; lastKnownFileType = sourcecode.swift; path = DefaultModule.swift; sourceTree = "<group>"; };
		0C29B5B02902BCB700CD3D33 /* ParentModule.swift */ = {isa = PBXFileReference; lastKnownFileType = sourcecode.swift; path = ParentModule.swift; sourceTree = "<group>"; };
		0C2F8DEA2904819C0066EB7E /* DefaultRouter.swift */ = {isa = PBXFileReference; lastKnownFileType = sourcecode.swift; path = DefaultRouter.swift; sourceTree = "<group>"; };
		0C2F8DEC2904827A0066EB7E /* NavigationSharable.swift */ = {isa = PBXFileReference; lastKnownFileType = sourcecode.swift; path = NavigationSharable.swift; sourceTree = "<group>"; };
		0C2F8DF0290488810066EB7E /* ModuleCompletable.swift */ = {isa = PBXFileReference; lastKnownFileType = sourcecode.swift; path = ModuleCompletable.swift; sourceTree = "<group>"; };
		0C2F8DF229048C770066EB7E /* ChildRemovable.swift */ = {isa = PBXFileReference; lastKnownFileType = sourcecode.swift; path = ChildRemovable.swift; sourceTree = "<group>"; };
		0C2F8DF429048CB70066EB7E /* ParentRouter.swift */ = {isa = PBXFileReference; lastKnownFileType = sourcecode.swift; path = ParentRouter.swift; sourceTree = "<group>"; };
		0C2F8DF629049C520066EB7E /* ChildSubstitutable.swift */ = {isa = PBXFileReference; lastKnownFileType = sourcecode.swift; path = ChildSubstitutable.swift; sourceTree = "<group>"; };
		0C2F8DF82904D5540066EB7E /* ChildTransitable.swift */ = {isa = PBXFileReference; lastKnownFileType = sourcecode.swift; path = ChildTransitable.swift; sourceTree = "<group>"; };
		0C2F8DFE2905A2960066EB7E /* ChildDismissingCompletionKeepable.swift */ = {isa = PBXFileReference; lastKnownFileType = sourcecode.swift; path = ChildDismissingCompletionKeepable.swift; sourceTree = "<group>"; };
		0C494F1C28EDB08900A0E325 /* Brive.framework */ = {isa = PBXFileReference; explicitFileType = wrapper.framework; includeInIndex = 0; path = Brive.framework; sourceTree = BUILT_PRODUCTS_DIR; };
		0C494F1F28EDB08900A0E325 /* Brive.h */ = {isa = PBXFileReference; lastKnownFileType = sourcecode.c.h; path = Brive.h; sourceTree = "<group>"; };
		0C494F2928EDB0F600A0E325 /* Viewable.swift */ = {isa = PBXFileReference; fileEncoding = 4; lastKnownFileType = sourcecode.swift; path = Viewable.swift; sourceTree = "<group>"; };
		0C494F3A28EDB0F600A0E325 /* AppBuildable.swift */ = {isa = PBXFileReference; fileEncoding = 4; lastKnownFileType = sourcecode.swift; path = AppBuildable.swift; sourceTree = "<group>"; };
		0C494F6C28EEF75800A0E325 /* ModKit.xcodeproj */ = {isa = PBXFileReference; lastKnownFileType = "wrapper.pb-project"; name = ModKit.xcodeproj; path = ../ModKit/ModKit.xcodeproj; sourceTree = "<group>"; };
		0C55D32328F0756F0039D4B5 /* InteractorToViewInterface.swift */ = {isa = PBXFileReference; lastKnownFileType = sourcecode.swift; path = InteractorToViewInterface.swift; sourceTree = "<group>"; };
		0C55D32528F0768D0039D4B5 /* ViewToInteractorInterface.swift */ = {isa = PBXFileReference; lastKnownFileType = sourcecode.swift; path = ViewToInteractorInterface.swift; sourceTree = "<group>"; };
		0C6B45D128FAF9F700A70169 /* View.swift */ = {isa = PBXFileReference; lastKnownFileType = sourcecode.swift; path = View.swift; sourceTree = "<group>"; };
		0C6B45E328FE15D100A70169 /* CompositeView.swift */ = {isa = PBXFileReference; lastKnownFileType = sourcecode.swift; path = CompositeView.swift; sourceTree = "<group>"; };
		0C6B45E828FEDE9D00A70169 /* DefaultInteractor.swift */ = {isa = PBXFileReference; lastKnownFileType = sourcecode.swift; path = DefaultInteractor.swift; sourceTree = "<group>"; };
		0C6B45EB28FEDF0D00A70169 /* ParentInteractor.swift */ = {isa = PBXFileReference; lastKnownFileType = sourcecode.swift; path = ParentInteractor.swift; sourceTree = "<group>"; };
		0CA126C4291951F800CF0946 /* AppModule.swift */ = {isa = PBXFileReference; lastKnownFileType = sourcecode.swift; path = AppModule.swift; sourceTree = "<group>"; };
		0CC957DB290363160023E0B3 /* Interactable.swift */ = {isa = PBXFileReference; lastKnownFileType = sourcecode.swift; path = Interactable.swift; sourceTree = "<group>"; };
		0CC957DD29036C8B0023E0B3 /* ModuleBelongable.swift */ = {isa = PBXFileReference; lastKnownFileType = sourcecode.swift; path = ModuleBelongable.swift; sourceTree = "<group>"; };
		0CC957DF290376590023E0B3 /* NonViewing.swift */ = {isa = PBXFileReference; lastKnownFileType = sourcecode.swift; path = NonViewing.swift; sourceTree = "<group>"; };
		0CC957E1290388E90023E0B3 /* ChildStatable.swift */ = {isa = PBXFileReference; lastKnownFileType = sourcecode.swift; path = ChildStatable.swift; sourceTree = "<group>"; };
		0CC957E3290433E50023E0B3 /* ChildBuildable.swift */ = {isa = PBXFileReference; lastKnownFileType = sourcecode.swift; path = ChildBuildable.swift; sourceTree = "<group>"; };
		0CC957E5290447850023E0B3 /* ChildUpperViewable.swift */ = {isa = PBXFileReference; lastKnownFileType = sourcecode.swift; path = ChildUpperViewable.swift; sourceTree = "<group>"; };
		0CC957E729044BB40023E0B3 /* Invokable.swift */ = {isa = PBXFileReference; lastKnownFileType = sourcecode.swift; path = Invokable.swift; sourceTree = "<group>"; };
		0CC957E929044CF20023E0B3 /* Revokable.swift */ = {isa = PBXFileReference; lastKnownFileType = sourcecode.swift; path = Revokable.swift; sourceTree = "<group>"; };
/* End PBXFileReference section */

/* Begin PBXFrameworksBuildPhase section */
		0C494F1928EDB08900A0E325 /* Frameworks */ = {
			isa = PBXFrameworksBuildPhase;
			buildActionMask = 2147483647;
			files = (
				0C494F7328EEF76200A0E325 /* ModKit.framework in Frameworks */,
			);
			runOnlyForDeploymentPostprocessing = 0;
		};
/* End PBXFrameworksBuildPhase section */

/* Begin PBXGroup section */
		0C0835C7290022B000E75291 /* Interfaces */ = {
			isa = PBXGroup;
			children = (
				0C0835C8290022E700E75291 /* InteractorToRouterInterface.swift */,
				0C55D32328F0756F0039D4B5 /* InteractorToViewInterface.swift */,
				0C55D32528F0768D0039D4B5 /* ViewToInteractorInterface.swift */,
			);
			path = Interfaces;
			sourceTree = "<group>";
		};
		0C0835E02900C60100E75291 /* Application */ = {
			isa = PBXGroup;
			children = (
				0CA126C4291951F800CF0946 /* AppModule.swift */,
				0C494F3A28EDB0F600A0E325 /* AppBuildable.swift */,
			);
			path = Application;
			sourceTree = "<group>";
		};
		0C0835E12902249100E75291 /* Module */ = {
			isa = PBXGroup;
			children = (
				0C29B5B02902BCB700CD3D33 /* ParentModule.swift */,
				0C0835E2290224C500E75291 /* DefaultModule.swift */,
			);
			path = Module;
			sourceTree = "<group>";
		};
		0C494F1228EDB08900A0E325 = {
			isa = PBXGroup;
			children = (
				0C494F6C28EEF75800A0E325 /* ModKit.xcodeproj */,
				0C494F1E28EDB08900A0E325 /* Brive */,
				0C494F1D28EDB08900A0E325 /* Products */,
				0C494F7228EEF76200A0E325 /* Frameworks */,
			);
			sourceTree = "<group>";
		};
		0C494F1D28EDB08900A0E325 /* Products */ = {
			isa = PBXGroup;
			children = (
				0C494F1C28EDB08900A0E325 /* Brive.framework */,
			);
			name = Products;
			sourceTree = "<group>";
		};
		0C494F1E28EDB08900A0E325 /* Brive */ = {
			isa = PBXGroup;
			children = (
				0C494F1F28EDB08900A0E325 /* Brive.h */,
				0C494F2628EDB0F600A0E325 /* Architecture */,
				0C6B45ED28FEDF2B00A70169 /* Helpers */,
			);
			path = Brive;
			sourceTree = "<group>";
		};
		0C494F2628EDB0F600A0E325 /* Architecture */ = {
			isa = PBXGroup;
			children = (
				0C0835E02900C60100E75291 /* Application */,
				0C0835E12902249100E75291 /* Module */,
				0C494F2728EDB0F600A0E325 /* Components */,
			);
			path = Architecture;
			sourceTree = "<group>";
		};
		0C494F2728EDB0F600A0E325 /* Components */ = {
			isa = PBXGroup;
			children = (
				0C494F3928EDB0F600A0E325 /* Builder */,
				0CC957ED290480CB0023E0B3 /* Router */,
				0C494F2A28EDB0F600A0E325 /* Interactor */,
				0C494F2828EDB0F600A0E325 /* View */,
				0CC957EE290480E50023E0B3 /* Entity */,
				0C0835C7290022B000E75291 /* Interfaces */,
			);
			path = Components;
			sourceTree = "<group>";
		};
		0C494F2828EDB0F600A0E325 /* View */ = {
			isa = PBXGroup;
			children = (
				0C6B45E328FE15D100A70169 /* CompositeView.swift */,
				0C6B45D128FAF9F700A70169 /* View.swift */,
				0C494F2928EDB0F600A0E325 /* Viewable.swift */,
				0CC957DF290376590023E0B3 /* NonViewing.swift */,
			);
			path = View;
			sourceTree = "<group>";
		};
		0C494F2A28EDB0F600A0E325 /* Interactor */ = {
			isa = PBXGroup;
			children = (
				0C6B45EB28FEDF0D00A70169 /* ParentInteractor.swift */,
				0C6B45E828FEDE9D00A70169 /* DefaultInteractor.swift */,
				0CC957DB290363160023E0B3 /* Interactable.swift */,
			);
			path = Interactor;
			sourceTree = "<group>";
		};
		0C494F3928EDB0F600A0E325 /* Builder */ = {
			isa = PBXGroup;
			children = (
				0CC957E3290433E50023E0B3 /* ChildBuildable.swift */,
			);
			path = Builder;
			sourceTree = "<group>";
		};
		0C494F6D28EEF75800A0E325 /* Products */ = {
			isa = PBXGroup;
			children = (
				0C494F7128EEF75800A0E325 /* ModKit.framework */,
			);
			name = Products;
			sourceTree = "<group>";
		};
		0C494F7228EEF76200A0E325 /* Frameworks */ = {
			isa = PBXGroup;
			children = (
			);
			name = Frameworks;
			sourceTree = "<group>";
		};
		0C6B45ED28FEDF2B00A70169 /* Helpers */ = {
			isa = PBXGroup;
			children = (
				0C2F8DFE2905A2960066EB7E /* ChildDismissingCompletionKeepable.swift */,
				0CC957E5290447850023E0B3 /* ChildUpperViewable.swift */,
				0C2F8DF0290488810066EB7E /* ModuleCompletable.swift */,
				0C2F8DEC2904827A0066EB7E /* NavigationSharable.swift */,
				0CC957DD29036C8B0023E0B3 /* ModuleBelongable.swift */,
				0C0835D6290072B600E75291 /* ParentDisplayable.swift */,
				0C0835DC2900984900E75291 /* ParentContactable.swift */,
				0C2F8DF629049C520066EB7E /* ChildSubstitutable.swift */,
				0C0835D4290070F900E75291 /* ChildCompletable.swift */,
				0C0835DA290097B900E75291 /* ChildContactable.swift */,
				0C2F8DF229048C770066EB7E /* ChildRemovable.swift */,
				0C2F8DF82904D5540066EB7E /* ChildTransitable.swift */,
				0C0835D229006E3300E75291 /* ChildHideable.swift */,
				0CC957E1290388E90023E0B3 /* ChildStatable.swift */,
				0CC957E929044CF20023E0B3 /* Revokable.swift */,
				0CC957E729044BB40023E0B3 /* Invokable.swift */,
				0C0835D82900746E00E75291 /* Eventable.swift */,
			);
			path = Helpers;
			sourceTree = "<group>";
		};
		0CC957ED290480CB0023E0B3 /* Router */ = {
			isa = PBXGroup;
			children = (
				0C2F8DF429048CB70066EB7E /* ParentRouter.swift */,
				0C2F8DEA2904819C0066EB7E /* DefaultRouter.swift */,
			);
			path = Router;
			sourceTree = "<group>";
		};
		0CC957EE290480E50023E0B3 /* Entity */ = {
			isa = PBXGroup;
			children = (
			);
			path = Entity;
			sourceTree = "<group>";
		};
/* End PBXGroup section */

/* Begin PBXHeadersBuildPhase section */
		0C494F1728EDB08900A0E325 /* Headers */ = {
			isa = PBXHeadersBuildPhase;
			buildActionMask = 2147483647;
			files = (
				0C494F2028EDB08900A0E325 /* Brive.h in Headers */,
			);
			runOnlyForDeploymentPostprocessing = 0;
		};
/* End PBXHeadersBuildPhase section */

/* Begin PBXNativeTarget section */
		0C494F1B28EDB08900A0E325 /* Brive */ = {
			isa = PBXNativeTarget;
			buildConfigurationList = 0C494F2328EDB08900A0E325 /* Build configuration list for PBXNativeTarget "Brive" */;
			buildPhases = (
				0C494F1728EDB08900A0E325 /* Headers */,
				0C494F1828EDB08900A0E325 /* Sources */,
				0C494F1928EDB08900A0E325 /* Frameworks */,
				0C494F1A28EDB08900A0E325 /* Resources */,
			);
			buildRules = (
			);
			dependencies = (
			);
			name = Brive;
			productName = Brive;
			productReference = 0C494F1C28EDB08900A0E325 /* Brive.framework */;
			productType = "com.apple.product-type.framework";
		};
/* End PBXNativeTarget section */

/* Begin PBXProject section */
		0C494F1328EDB08900A0E325 /* Project object */ = {
			isa = PBXProject;
			attributes = {
				BuildIndependentTargetsInParallel = 1;
				LastUpgradeCheck = 1340;
				TargetAttributes = {
					0C494F1B28EDB08900A0E325 = {
						CreatedOnToolsVersion = 13.4.1;
					};
				};
			};
			buildConfigurationList = 0C494F1628EDB08900A0E325 /* Build configuration list for PBXProject "Brive" */;
			compatibilityVersion = "Xcode 13.0";
			developmentRegion = en;
			hasScannedForEncodings = 0;
			knownRegions = (
				en,
				Base,
			);
			mainGroup = 0C494F1228EDB08900A0E325;
			productRefGroup = 0C494F1D28EDB08900A0E325 /* Products */;
			projectDirPath = "";
			projectReferences = (
				{
					ProductGroup = 0C494F6D28EEF75800A0E325 /* Products */;
					ProjectRef = 0C494F6C28EEF75800A0E325 /* ModKit.xcodeproj */;
				},
			);
			projectRoot = "";
			targets = (
				0C494F1B28EDB08900A0E325 /* Brive */,
			);
		};
/* End PBXProject section */

/* Begin PBXReferenceProxy section */
		0C494F7128EEF75800A0E325 /* ModKit.framework */ = {
			isa = PBXReferenceProxy;
			fileType = wrapper.framework;
			path = ModKit.framework;
			remoteRef = 0C494F7028EEF75800A0E325 /* PBXContainerItemProxy */;
			sourceTree = BUILT_PRODUCTS_DIR;
		};
/* End PBXReferenceProxy section */

/* Begin PBXResourcesBuildPhase section */
		0C494F1A28EDB08900A0E325 /* Resources */ = {
			isa = PBXResourcesBuildPhase;
			buildActionMask = 2147483647;
			files = (
			);
			runOnlyForDeploymentPostprocessing = 0;
		};
/* End PBXResourcesBuildPhase section */

/* Begin PBXSourcesBuildPhase section */
		0C494F1828EDB08900A0E325 /* Sources */ = {
			isa = PBXSourcesBuildPhase;
			buildActionMask = 2147483647;
			files = (
				0C0835D92900746E00E75291 /* Eventable.swift in Sources */,
				0C2F8DFF2905A2960066EB7E /* ChildDismissingCompletionKeepable.swift in Sources */,
				0C0835D5290070F900E75291 /* ChildCompletable.swift in Sources */,
				0C2F8DF1290488810066EB7E /* ModuleCompletable.swift in Sources */,
				0C0835D329006E3300E75291 /* ChildHideable.swift in Sources */,
				0C55D32428F0756F0039D4B5 /* InteractorToViewInterface.swift in Sources */,
				0CC957E829044BB40023E0B3 /* Invokable.swift in Sources */,
				0C0835D7290072B600E75291 /* ParentDisplayable.swift in Sources */,
				0CC957E4290433E50023E0B3 /* ChildBuildable.swift in Sources */,
				0CC957EA29044CF20023E0B3 /* Revokable.swift in Sources */,
				0C6B45E428FE15D100A70169 /* CompositeView.swift in Sources */,
				0C2F8DF329048C770066EB7E /* ChildRemovable.swift in Sources */,
				0C6B45D228FAF9F700A70169 /* View.swift in Sources */,
				0C0835C9290022E700E75291 /* InteractorToRouterInterface.swift in Sources */,
				0CC957E2290388E90023E0B3 /* ChildStatable.swift in Sources */,
				0CA126C5291951F800CF0946 /* AppModule.swift in Sources */,
				0C55D32628F0768D0039D4B5 /* ViewToInteractorInterface.swift in Sources */,
				0C29B5B12902BCB700CD3D33 /* ParentModule.swift in Sources */,
				0C0835DD2900984900E75291 /* ParentContactable.swift in Sources */,
				0C2F8DF529048CB70066EB7E /* ParentRouter.swift in Sources */,
				0C2F8DED2904827A0066EB7E /* NavigationSharable.swift in Sources */,
				0CC957E6290447850023E0B3 /* ChildUpperViewable.swift in Sources */,
				0C0835DB290097B900E75291 /* ChildContactable.swift in Sources */,
				0C494F3C28EDB0F600A0E325 /* Viewable.swift in Sources */,
				0CC957E0290376590023E0B3 /* NonViewing.swift in Sources */,
				0C2F8DEB2904819C0066EB7E /* DefaultRouter.swift in Sources */,
				0C494F4928EDB0F600A0E325 /* AppBuildable.swift in Sources */,
				0C6B45EC28FEDF0D00A70169 /* ParentInteractor.swift in Sources */,
				0CC957DC290363160023E0B3 /* Interactable.swift in Sources */,
				0C2F8DF92904D5540066EB7E /* ChildTransitable.swift in Sources */,
				0CC957DE29036C8B0023E0B3 /* ModuleBelongable.swift in Sources */,
				0C2F8DF729049C520066EB7E /* ChildSubstitutable.swift in Sources */,
				0C0835E3290224C500E75291 /* DefaultModule.swift in Sources */,
				0C6B45E928FEDE9D00A70169 /* DefaultInteractor.swift in Sources */,
			);
			runOnlyForDeploymentPostprocessing = 0;
		};
/* End PBXSourcesBuildPhase section */

/* Begin XCBuildConfiguration section */
		0C494F2128EDB08900A0E325 /* Debug */ = {
			isa = XCBuildConfiguration;
			buildSettings = {
				ALWAYS_SEARCH_USER_PATHS = NO;
				CLANG_ANALYZER_NONNULL = YES;
				CLANG_ANALYZER_NUMBER_OBJECT_CONVERSION = YES_AGGRESSIVE;
				CLANG_CXX_LANGUAGE_STANDARD = "gnu++17";
				CLANG_ENABLE_MODULES = YES;
				CLANG_ENABLE_OBJC_ARC = YES;
				CLANG_ENABLE_OBJC_WEAK = YES;
				CLANG_WARN_BLOCK_CAPTURE_AUTORELEASING = YES;
				CLANG_WARN_BOOL_CONVERSION = YES;
				CLANG_WARN_COMMA = YES;
				CLANG_WARN_CONSTANT_CONVERSION = YES;
				CLANG_WARN_DEPRECATED_OBJC_IMPLEMENTATIONS = YES;
				CLANG_WARN_DIRECT_OBJC_ISA_USAGE = YES_ERROR;
				CLANG_WARN_DOCUMENTATION_COMMENTS = YES;
				CLANG_WARN_EMPTY_BODY = YES;
				CLANG_WARN_ENUM_CONVERSION = YES;
				CLANG_WARN_INFINITE_RECURSION = YES;
				CLANG_WARN_INT_CONVERSION = YES;
				CLANG_WARN_NON_LITERAL_NULL_CONVERSION = YES;
				CLANG_WARN_OBJC_IMPLICIT_RETAIN_SELF = YES;
				CLANG_WARN_OBJC_LITERAL_CONVERSION = YES;
				CLANG_WARN_OBJC_ROOT_CLASS = YES_ERROR;
				CLANG_WARN_QUOTED_INCLUDE_IN_FRAMEWORK_HEADER = YES;
				CLANG_WARN_RANGE_LOOP_ANALYSIS = YES;
				CLANG_WARN_STRICT_PROTOTYPES = YES;
				CLANG_WARN_SUSPICIOUS_MOVE = YES;
				CLANG_WARN_UNGUARDED_AVAILABILITY = YES_AGGRESSIVE;
				CLANG_WARN_UNREACHABLE_CODE = YES;
				CLANG_WARN__DUPLICATE_METHOD_MATCH = YES;
				COPY_PHASE_STRIP = NO;
				CURRENT_PROJECT_VERSION = 1;
				DEBUG_INFORMATION_FORMAT = dwarf;
				ENABLE_STRICT_OBJC_MSGSEND = YES;
				ENABLE_TESTABILITY = YES;
				GCC_C_LANGUAGE_STANDARD = gnu11;
				GCC_DYNAMIC_NO_PIC = NO;
				GCC_NO_COMMON_BLOCKS = YES;
				GCC_OPTIMIZATION_LEVEL = 0;
				GCC_PREPROCESSOR_DEFINITIONS = (
					"DEBUG=1",
					"$(inherited)",
				);
				GCC_WARN_64_TO_32_BIT_CONVERSION = YES;
				GCC_WARN_ABOUT_RETURN_TYPE = YES_ERROR;
				GCC_WARN_UNDECLARED_SELECTOR = YES;
				GCC_WARN_UNINITIALIZED_AUTOS = YES_AGGRESSIVE;
				GCC_WARN_UNUSED_FUNCTION = YES;
				GCC_WARN_UNUSED_VARIABLE = YES;
				IPHONEOS_DEPLOYMENT_TARGET = 15.5;
				MTL_ENABLE_DEBUG_INFO = INCLUDE_SOURCE;
				MTL_FAST_MATH = YES;
				ONLY_ACTIVE_ARCH = YES;
				SDKROOT = iphoneos;
				SWIFT_ACTIVE_COMPILATION_CONDITIONS = DEBUG;
				SWIFT_OPTIMIZATION_LEVEL = "-Onone";
				VERSIONING_SYSTEM = "apple-generic";
				VERSION_INFO_PREFIX = "";
			};
			name = Debug;
		};
		0C494F2228EDB08900A0E325 /* Release */ = {
			isa = XCBuildConfiguration;
			buildSettings = {
				ALWAYS_SEARCH_USER_PATHS = NO;
				CLANG_ANALYZER_NONNULL = YES;
				CLANG_ANALYZER_NUMBER_OBJECT_CONVERSION = YES_AGGRESSIVE;
				CLANG_CXX_LANGUAGE_STANDARD = "gnu++17";
				CLANG_ENABLE_MODULES = YES;
				CLANG_ENABLE_OBJC_ARC = YES;
				CLANG_ENABLE_OBJC_WEAK = YES;
				CLANG_WARN_BLOCK_CAPTURE_AUTORELEASING = YES;
				CLANG_WARN_BOOL_CONVERSION = YES;
				CLANG_WARN_COMMA = YES;
				CLANG_WARN_CONSTANT_CONVERSION = YES;
				CLANG_WARN_DEPRECATED_OBJC_IMPLEMENTATIONS = YES;
				CLANG_WARN_DIRECT_OBJC_ISA_USAGE = YES_ERROR;
				CLANG_WARN_DOCUMENTATION_COMMENTS = YES;
				CLANG_WARN_EMPTY_BODY = YES;
				CLANG_WARN_ENUM_CONVERSION = YES;
				CLANG_WARN_INFINITE_RECURSION = YES;
				CLANG_WARN_INT_CONVERSION = YES;
				CLANG_WARN_NON_LITERAL_NULL_CONVERSION = YES;
				CLANG_WARN_OBJC_IMPLICIT_RETAIN_SELF = YES;
				CLANG_WARN_OBJC_LITERAL_CONVERSION = YES;
				CLANG_WARN_OBJC_ROOT_CLASS = YES_ERROR;
				CLANG_WARN_QUOTED_INCLUDE_IN_FRAMEWORK_HEADER = YES;
				CLANG_WARN_RANGE_LOOP_ANALYSIS = YES;
				CLANG_WARN_STRICT_PROTOTYPES = YES;
				CLANG_WARN_SUSPICIOUS_MOVE = YES;
				CLANG_WARN_UNGUARDED_AVAILABILITY = YES_AGGRESSIVE;
				CLANG_WARN_UNREACHABLE_CODE = YES;
				CLANG_WARN__DUPLICATE_METHOD_MATCH = YES;
				COPY_PHASE_STRIP = NO;
				CURRENT_PROJECT_VERSION = 1;
				DEBUG_INFORMATION_FORMAT = "dwarf-with-dsym";
				ENABLE_NS_ASSERTIONS = NO;
				ENABLE_STRICT_OBJC_MSGSEND = YES;
				GCC_C_LANGUAGE_STANDARD = gnu11;
				GCC_NO_COMMON_BLOCKS = YES;
				GCC_WARN_64_TO_32_BIT_CONVERSION = YES;
				GCC_WARN_ABOUT_RETURN_TYPE = YES_ERROR;
				GCC_WARN_UNDECLARED_SELECTOR = YES;
				GCC_WARN_UNINITIALIZED_AUTOS = YES_AGGRESSIVE;
				GCC_WARN_UNUSED_FUNCTION = YES;
				GCC_WARN_UNUSED_VARIABLE = YES;
				IPHONEOS_DEPLOYMENT_TARGET = 15.5;
				MTL_ENABLE_DEBUG_INFO = NO;
				MTL_FAST_MATH = YES;
				SDKROOT = iphoneos;
				SWIFT_COMPILATION_MODE = wholemodule;
				SWIFT_OPTIMIZATION_LEVEL = "-O";
				VALIDATE_PRODUCT = YES;
				VERSIONING_SYSTEM = "apple-generic";
				VERSION_INFO_PREFIX = "";
			};
			name = Release;
		};
		0C494F2428EDB08900A0E325 /* Debug */ = {
			isa = XCBuildConfiguration;
			buildSettings = {
				CODE_SIGN_STYLE = Automatic;
				CURRENT_PROJECT_VERSION = 1;
				DEFINES_MODULE = YES;
				DYLIB_COMPATIBILITY_VERSION = 1;
				DYLIB_CURRENT_VERSION = 1;
				DYLIB_INSTALL_NAME_BASE = "@rpath";
				GENERATE_INFOPLIST_FILE = YES;
				INFOPLIST_KEY_NSHumanReadableCopyright = "";
				INSTALL_PATH = "$(LOCAL_LIBRARY_DIR)/Frameworks";
				LD_RUNPATH_SEARCH_PATHS = (
					"$(inherited)",
					"@executable_path/Frameworks",
					"@loader_path/Frameworks",
				);
				MARKETING_VERSION = 1.0;
				PRODUCT_BUNDLE_IDENTIFIER = "com.gosha-titov.Brive";
				PRODUCT_NAME = "$(TARGET_NAME:c99extidentifier)";
				SKIP_INSTALL = YES;
				SWIFT_EMIT_LOC_STRINGS = YES;
				SWIFT_VERSION = 5.0;
				TARGETED_DEVICE_FAMILY = "1,2";
			};
			name = Debug;
		};
		0C494F2528EDB08900A0E325 /* Release */ = {
			isa = XCBuildConfiguration;
			buildSettings = {
				CODE_SIGN_STYLE = Automatic;
				CURRENT_PROJECT_VERSION = 1;
				DEFINES_MODULE = YES;
				DYLIB_COMPATIBILITY_VERSION = 1;
				DYLIB_CURRENT_VERSION = 1;
				DYLIB_INSTALL_NAME_BASE = "@rpath";
				GENERATE_INFOPLIST_FILE = YES;
				INFOPLIST_KEY_NSHumanReadableCopyright = "";
				INSTALL_PATH = "$(LOCAL_LIBRARY_DIR)/Frameworks";
				LD_RUNPATH_SEARCH_PATHS = (
					"$(inherited)",
					"@executable_path/Frameworks",
					"@loader_path/Frameworks",
				);
				MARKETING_VERSION = 1.0;
				PRODUCT_BUNDLE_IDENTIFIER = "com.gosha-titov.Brive";
				PRODUCT_NAME = "$(TARGET_NAME:c99extidentifier)";
				SKIP_INSTALL = YES;
				SWIFT_EMIT_LOC_STRINGS = YES;
				SWIFT_VERSION = 5.0;
				TARGETED_DEVICE_FAMILY = "1,2";
			};
			name = Release;
		};
/* End XCBuildConfiguration section */

/* Begin XCConfigurationList section */
		0C494F1628EDB08900A0E325 /* Build configuration list for PBXProject "Brive" */ = {
			isa = XCConfigurationList;
			buildConfigurations = (
				0C494F2128EDB08900A0E325 /* Debug */,
				0C494F2228EDB08900A0E325 /* Release */,
			);
			defaultConfigurationIsVisible = 0;
			defaultConfigurationName = Release;
		};
		0C494F2328EDB08900A0E325 /* Build configuration list for PBXNativeTarget "Brive" */ = {
			isa = XCConfigurationList;
			buildConfigurations = (
				0C494F2428EDB08900A0E325 /* Debug */,
				0C494F2528EDB08900A0E325 /* Release */,
			);
			defaultConfigurationIsVisible = 0;
			defaultConfigurationName = Release;
		};
/* End XCConfigurationList section */
	};
	rootObject = 0C494F1328EDB08900A0E325 /* Project object */;
}
